<?xml version="1.0" encoding="utf-8"?>
<Project ToolsVersion="4.0" xmlns="http://schemas.microsoft.com/developer/msbuild/2003">
  <ItemGroup>
    <Filter Include="Source Files">
      <UniqueIdentifier>{4FC737F1-C7A5-4376-A066-2A32D752A2FF}</UniqueIdentifier>
      <Extensions>cpp;c;cc;cxx;def;odl;idl;hpj;bat;asm;asmx</Extensions>
    </Filter>
    <Filter Include="Header Files">
      <UniqueIdentifier>{93995380-89BD-4b04-88EB-625FBE52EBFB}</UniqueIdentifier>
      <Extensions>h;hpp;hxx;hm;inl;inc;xsd</Extensions>
    </Filter>
    <Filter Include="Resource Files">
      <UniqueIdentifier>{67DA6AB6-F800-4c08-8B7A-83BB121AAD01}</UniqueIdentifier>
      <Extensions>rc;ico;cur;bmp;dlg;rc2;rct;bin;rgs;gif;jpg;jpeg;jpe;resx;tiff;tif;png;wav</Extensions>
    </Filter>
  </ItemGroup>
  <ItemGroup>
    <ClCompile Include="signal_processing\auto_corr_to_refl_coef.c">
      <Filter>Source Files</Filter>
    </ClCompile>
    <ClCompile Include="signal_processing\auto_correlation.c">
      <Filter>Source Files</Filter>
    </ClCompile>
    <ClCompile Include="ColorEdit.cpp">
      <Filter>Source Files</Filter>
    </ClCompile>
    <ClCompile Include="signal_processing\complex_bit_reverse.c">
      <Filter>Source Files</Filter>
    </ClCompile>
    <ClCompile Include="signal_processing\complex_fft.c">
      <Filter>Source Files</Filter>
    </ClCompile>
    <ClCompile Include="signal_processing\copy_set_operations.c">
      <Filter>Source Files</Filter>
    </ClCompile>
    <ClCompile Include="signal_processing\cross_correlation.c">
      <Filter>Source Files</Filter>
    </ClCompile>
    <ClCompile Include="signal_processing\division_operations.c">
      <Filter>Source Files</Filter>
    </ClCompile>
    <ClCompile Include="signal_processing\dot_product_with_scale.c">
      <Filter>Source Files</Filter>
    </ClCompile>
    <ClCompile Include="signal_processing\downsample_fast.c">
      <Filter>Source Files</Filter>
    </ClCompile>
    <ClCompile Include="signal_processing\energy.c">
      <Filter>Source Files</Filter>
    </ClCompile>
    <ClCompile Include="signal_processing\filter_ar.c">
      <Filter>Source Files</Filter>
    </ClCompile>
    <ClCompile Include="signal_processing\filter_ar_fast_q12.c">
      <Filter>Source Files</Filter>
    </ClCompile>
    <ClCompile Include="signal_processing\filter_ma_fast_q12.c">
      <Filter>Source Files</Filter>
    </ClCompile>
    <ClCompile Include="signal_processing\get_hanning_window.c">
      <Filter>Source Files</Filter>
    </ClCompile>
    <ClCompile Include="signal_processing\get_scaling_square.c">
      <Filter>Source Files</Filter>
    </ClCompile>
    <ClCompile Include="signal_processing\ilbc_specific_functions.c">
      <Filter>Source Files</Filter>
    </ClCompile>
    <ClCompile Include="signal_processing\levinson_durbin.c">
      <Filter>Source Files</Filter>
    </ClCompile>
    <ClCompile Include="signal_processing\lpc_to_refl_coef.c">
      <Filter>Source Files</Filter>
    </ClCompile>
    <ClCompile Include="signal_processing\min_max_operations.c">
      <Filter>Source Files</Filter>
    </ClCompile>
    <ClCompile Include="signal_processing\randomization_functions.c">
      <Filter>Source Files</Filter>
    </ClCompile>
    <ClCompile Include="ReaderQ.cpp">
      <Filter>Source Files</Filter>
    </ClCompile>
    <ClCompile Include="signal_processing\real_fft.c">
      <Filter>Source Files</Filter>
    </ClCompile>
    <ClCompile Include="signal_processing\refl_coef_to_lpc.c">
      <Filter>Source Files</Filter>
    </ClCompile>
    <ClCompile Include="signal_processing\resample.c">
      <Filter>Source Files</Filter>
    </ClCompile>
    <ClCompile Include="signal_processing\resample_48khz.c">
      <Filter>Source Files</Filter>
    </ClCompile>
    <ClCompile Include="signal_processing\resample_by_2.c">
      <Filter>Source Files</Filter>
    </ClCompile>
    <ClCompile Include="signal_processing\resample_by_2_internal.c">
      <Filter>Source Files</Filter>
    </ClCompile>
    <ClCompile Include="signal_processing\resample_fractional.c">
      <Filter>Source Files</Filter>
    </ClCompile>
    <ClCompile Include="SR\samplerate.c">
      <Filter>Source Files</Filter>
    </ClCompile>
    <ClCompile Include="signal_processing\spl_init.c">
      <Filter>Source Files</Filter>
    </ClCompile>
    <ClCompile Include="signal_processing\spl_sqrt.c">
      <Filter>Source Files</Filter>
    </ClCompile>
    <ClCompile Include="signal_processing\spl_sqrt_floor.c">
      <Filter>Source Files</Filter>
    </ClCompile>
    <ClCompile Include="signal_processing\spl_version.c">
      <Filter>Source Files</Filter>
    </ClCompile>
    <ClCompile Include="signal_processing\splitting_filter.c">
      <Filter>Source Files</Filter>
    </ClCompile>
    <ClCompile Include="signal_processing\sqrt_of_one_minus_x_squared.c">
      <Filter>Source Files</Filter>
    </ClCompile>
    <ClCompile Include="SR\src_linear.c">
      <Filter>Source Files</Filter>
    </ClCompile>
    <ClCompile Include="SR\src_sinc.c">
      <Filter>Source Files</Filter>
    </ClCompile>
    <ClCompile Include="SR\src_zoh.c">
      <Filter>Source Files</Filter>
    </ClCompile>
    <ClCompile Include="stdafx.cpp">
      <Filter>Source Files</Filter>
    </ClCompile>
    <ClCompile Include="vad\vad_core.c">
      <Filter>Source Files</Filter>
    </ClCompile>
    <ClCompile Include="vad\vad_filterbank.c">
      <Filter>Source Files</Filter>
    </ClCompile>
    <ClCompile Include="vad\vad_gmm.c">
      <Filter>Source Files</Filter>
    </ClCompile>
    <ClCompile Include="vad\vad_sp.c">
      <Filter>Source Files</Filter>
    </ClCompile>
    <ClCompile Include="VADRecorder.cpp">
      <Filter>Source Files</Filter>
    </ClCompile>
    <ClCompile Include="VADRecorderDlg.cpp">
      <Filter>Source Files</Filter>
    </ClCompile>
    <ClCompile Include="signal_processing\vector_scaling_operations.c">
      <Filter>Source Files</Filter>
    </ClCompile>
    <ClCompile Include="WaveIn.cpp">
      <Filter>Source Files</Filter>
    </ClCompile>
    <ClCompile Include="WaveWriter.cpp">
      <Filter>Source Files</Filter>
    </ClCompile>
    <ClCompile Include="signal_processing\webrtc_fft_t_1024_8.c">
      <Filter>Source Files</Filter>
    </ClCompile>
    <ClCompile Include="signal_processing\webrtc_fft_t_rad.c">
      <Filter>Source Files</Filter>
    </ClCompile>
    <ClCompile Include="vad\webrtc_vad.c">
      <Filter>Source Files</Filter>
    </ClCompile>
    <ClCompile Include="WriterQ.cpp">
      <Filter>Source Files</Filter>
    </ClCompile>
  </ItemGroup>
  <ItemGroup>
    <ClInclude Include="Color.h">
      <Filter>Header Files</Filter>
    </ClInclude>
    <ClInclude Include="ColorEdit.h">
      <Filter>Header Files</Filter>
    </ClInclude>
    <ClInclude Include="SR\common.h">
      <Filter>Header Files</Filter>
    </ClInclude>
    <ClInclude Include="signal_processing\complex_fft_tables.h">
      <Filter>Header Files</Filter>
    </ClInclude>
    <ClInclude Include="SR\config.h">
      <Filter>Header Files</Filter>
    </ClInclude>
    <ClInclude Include="SR\fastest_coeffs.h">
      <Filter>Header Files</Filter>
    </ClInclude>
    <ClInclude Include="SR\float_cast.h">
      <Filter>Header Files</Filter>
    </ClInclude>
    <ClInclude Include="general.h">
      <Filter>Header Files</Filter>
    </ClInclude>
    <ClInclude Include="SR\high_qual_coeffs.h">
      <Filter>Header Files</Filter>
    </ClInclude>
    <ClInclude Include="SR\mid_qual_coeffs.h">
      <Filter>Header Files</Filter>
    </ClInclude>
    <ClInclude Include="ReaderQ.h">
      <Filter>Header Files</Filter>
    </ClInclude>
    <ClInclude Include="signal_processing\resample_by_2_internal.h">
      <Filter>Header Files</Filter>
    </ClInclude>
    <ClInclude Include="SR\resource.h">
      <Filter>Header Files</Filter>
    </ClInclude>
    <ClInclude Include="Resource.h">
      <Filter>Header Files</Filter>
    </ClInclude>
    <ClInclude Include="SR\samplerate.h">
      <Filter>Header Files</Filter>
    </ClInclude>
    <ClInclude Include="stdafx.h">
      <Filter>Header Files</Filter>
    </ClInclude>
    <ClInclude Include="vad\vad_core.h">
      <Filter>Header Files</Filter>
    </ClInclude>
    <ClInclude Include="vad\vad_filterbank.h">
      <Filter>Header Files</Filter>
    </ClInclude>
    <ClInclude Include="vad\vad_gmm.h">
      <Filter>Header Files</Filter>
    </ClInclude>
    <ClInclude Include="vad\vad_sp.h">
      <Filter>Header Files</Filter>
    </ClInclude>
    <ClInclude Include="VADRecorder.h">
      <Filter>Header Files</Filter>
    </ClInclude>
    <ClInclude Include="VADRecorderDlg.h">
      <Filter>Header Files</Filter>
    </ClInclude>
    <ClInclude Include="WaveIn.h">
      <Filter>Header Files</Filter>
    </ClInclude>
    <ClInclude Include="WaveWriter.h">
      <Filter>Header Files</Filter>
    </ClInclude>
    <ClInclude Include="WriterQ.h">
      <Filter>Header Files</Filter>
    </ClInclude>
  </ItemGroup>
  <ItemGroup>
    <Image Include="res\VADRecorder.ico">
      <Filter>Resource Files</Filter>
    </Image>
  </ItemGroup>
  <ItemGroup>
    <ResourceCompile Include="VADRecorder.rc">
      <Filter>Resource Files</Filter>
    </ResourceCompile>
  </ItemGroup>
  <ItemGroup>
    <None Include="res\VADRecorder.rc2">
      <Filter>Resource Files</Filter>
    </None>
  </ItemGroup>
  <ItemGroup>
    <Text Include="ReadMe.txt" />
  </ItemGroup>
</Project>